
Microsoft Visual Studio Solution File, Format Version 12.00
# Visual Studio Version 17
VisualStudioVersion = 17.8.34322.80
MinimumVisualStudioVersion = 10.0.40219.1
Project("{FAE04EC0-301F-11D3-BF4B-00C04F79EFBC}") = "InsertAtTheBeginning", "InsertAtTheBeginning\InsertAtTheBeginning.csproj", "{46EF0907-072A-46E3-9CF8-6CEAFFDCC525}"
EndProject
Project("{FAE04EC0-301F-11D3-BF4B-00C04F79EFBC}") = "DeleteAtNthPosition", "DeleteAtNthPosition\DeleteAtNthPosition.csproj", "{B2F345FC-174B-47D2-8F08-A3F8EB4FF150}"
EndProject
Project("{FAE04EC0-301F-11D3-BF4B-00C04F79EFBC}") = "InsertAtNthPosition", "insertAtNthPosition\InsertAtNthPosition.csproj", "{9301DA14-0899-46FE-A1D0-29FCDEB4ECB7}"
EndProject
Project("{FAE04EC0-301F-11D3-BF4B-00C04F79EFBC}") = "PrintUsingRecursion", "PrintUsingRecursion\PrintUsingRecursion.csproj", "{0EB46162-3692-405B-BE09-2D606C0054E8}"
EndProject
Project("{FAE04EC0-301F-11D3-BF4B-00C04F79EFBC}") = "ReverseLinkedList", "ReverseLinkedList\ReverseLinkedList.csproj", "{27E71E9D-FF94-4DAF-B4C9-699E070FB609}"
EndProject
Global
	GlobalSection(SolutionConfigurationPlatforms) = preSolution
		Debug|Any CPU = Debug|Any CPU
		Release|Any CPU = Release|Any CPU
	EndGlobalSection
	GlobalSection(ProjectConfigurationPlatforms) = postSolution
		{46EF0907-072A-46E3-9CF8-6CEAFFDCC525}.Debug|Any CPU.ActiveCfg = Debug|Any CPU
		{46EF0907-072A-46E3-9CF8-6CEAFFDCC525}.Debug|Any CPU.Build.0 = Debug|Any CPU
		{46EF0907-072A-46E3-9CF8-6CEAFFDCC525}.Release|Any CPU.ActiveCfg = Release|Any CPU
		{46EF0907-072A-46E3-9CF8-6CEAFFDCC525}.Release|Any CPU.Build.0 = Release|Any CPU
		{B2F345FC-174B-47D2-8F08-A3F8EB4FF150}.Debug|Any CPU.ActiveCfg = Debug|Any CPU
		{B2F345FC-174B-47D2-8F08-A3F8EB4FF150}.Debug|Any CPU.Build.0 = Debug|Any CPU
		{B2F345FC-174B-47D2-8F08-A3F8EB4FF150}.Release|Any CPU.ActiveCfg = Release|Any CPU
		{B2F345FC-174B-47D2-8F08-A3F8EB4FF150}.Release|Any CPU.Build.0 = Release|Any CPU
		{9301DA14-0899-46FE-A1D0-29FCDEB4ECB7}.Debug|Any CPU.ActiveCfg = Debug|Any CPU
		{9301DA14-0899-46FE-A1D0-29FCDEB4ECB7}.Debug|Any CPU.Build.0 = Debug|Any CPU
		{9301DA14-0899-46FE-A1D0-29FCDEB4ECB7}.Release|Any CPU.ActiveCfg = Release|Any CPU
		{9301DA14-0899-46FE-A1D0-29FCDEB4ECB7}.Release|Any CPU.Build.0 = Release|Any CPU
		{0EB46162-3692-405B-BE09-2D606C0054E8}.Debug|Any CPU.ActiveCfg = Debug|Any CPU
		{0EB46162-3692-405B-BE09-2D606C0054E8}.Debug|Any CPU.Build.0 = Debug|Any CPU
		{0EB46162-3692-405B-BE09-2D606C0054E8}.Release|Any CPU.ActiveCfg = Release|Any CPU
		{0EB46162-3692-405B-BE09-2D606C0054E8}.Release|Any CPU.Build.0 = Release|Any CPU
		{27E71E9D-FF94-4DAF-B4C9-699E070FB609}.Debug|Any CPU.ActiveCfg = Debug|Any CPU
		{27E71E9D-FF94-4DAF-B4C9-699E070FB609}.Debug|Any CPU.Build.0 = Debug|Any CPU
		{27E71E9D-FF94-4DAF-B4C9-699E070FB609}.Release|Any CPU.ActiveCfg = Release|Any CPU
		{27E71E9D-FF94-4DAF-B4C9-699E070FB609}.Release|Any CPU.Build.0 = Release|Any CPU
	EndGlobalSection
	GlobalSection(SolutionProperties) = preSolution
		HideSolutionNode = FALSE
	EndGlobalSection
	GlobalSection(ExtensibilityGlobals) = postSolution
		SolutionGuid = {00FF2A5A-7D56-4915-87CE-DE8AF407B4AE}
	EndGlobalSection
EndGlobal
